
Microsoft Visual Studio Solution File, Format Version 12.00
# Visual Studio Version 17
VisualStudioVersion = 17.14.36203.30 d17.14
MinimumVisualStudioVersion = 10.0.40219.1
Project("{888888A0-9F3D-457C-B088-3A5042F75D52}") = "bananainthebackpack", "bananainthebackpack\bananainthebackpack.pyproj", "{137CA253-43D4-43A5-A966-AB4D7CE6D2FC}"
EndProject
Global
	GlobalSection(SolutionConfigurationPlatforms) = preSolution
		Debug|Any CPU = Debug|Any CPU
		Release|Any CPU = Release|Any CPU
	EndGlobalSection
	GlobalSection(ProjectConfigurationPlatforms) = postSolution
		{137CA253-43D4-43A5-A966-AB4D7CE6D2FC}.Debug|Any CPU.ActiveCfg = Debug|Any CPU
		{137CA253-43D4-43A5-A966-AB4D7CE6D2FC}.Release|Any CPU.ActiveCfg = Release|Any CPU
	EndGlobalSection
	GlobalSection(SolutionProperties) = preSolution
		HideSolutionNode = FALSE
	EndGlobalSection
	GlobalSection(ExtensibilityGlobals) = postSolution
		SolutionGuid = {B2D90291-F655-4F36-BCCF-5BABE75D1B7D}
	EndGlobalSection
EndGlobal
